
Microsoft Visual Studio Solution File, Format Version 12.00
# Visual Studio Version 16
VisualStudioVersion = 16.0.29926.136
MinimumVisualStudioVersion = 10.0.40219.1
Project("{FAE04EC0-301F-11D3-BF4B-00C04F79EFBC}") = "BowlingApp", "BowlingApp.csproj", "{C16F2815-3AAE-4CD3-AF60-3B3401E52204}"
EndProject
Global
	GlobalSection(SolutionConfigurationPlatforms) = preSolution
		Debug|Any CPU = Debug|Any CPU
		Release|Any CPU = Release|Any CPU
	EndGlobalSection
	GlobalSection(ProjectConfigurationPlatforms) = postSolution
		{C16F2815-3AAE-4CD3-AF60-3B3401E52204}.Debug|Any CPU.ActiveCfg = Debug|Any CPU
		{C16F2815-3AAE-4CD3-AF60-3B3401E52204}.Debug|Any CPU.Build.0 = Debug|Any CPU
		{C16F2815-3AAE-4CD3-AF60-3B3401E52204}.Release|Any CPU.ActiveCfg = Release|Any CPU
		{C16F2815-3AAE-4CD3-AF60-3B3401E52204}.Release|Any CPU.Build.0 = Release|Any CPU
	EndGlobalSection
	GlobalSection(SolutionProperties) = preSolution
		HideSolutionNode = FALSE
	EndGlobalSection
	GlobalSection(ExtensibilityGlobals) = postSolution
		SolutionGuid = {D1044744-3761-4254-BFAE-608367DA4077}
	EndGlobalSection
EndGlobal
